
Microsoft Visual Studio Solution File, Format Version 12.00
# Visual Studio Version 17
VisualStudioVersion = 17.9.34728.123
MinimumVisualStudioVersion = 10.0.40219.1
Project("{FAE04EC0-301F-11D3-BF4B-00C04F79EFBC}") = "CommonApi", "CommonApi.csproj", "{A7632E44-F845-46B2-BB70-9C4BD8FD19F6}"
EndProject
Global
	GlobalSection(SolutionConfigurationPlatforms) = preSolution
		Debug|Any CPU = Debug|Any CPU
		Release|Any CPU = Release|Any CPU
	EndGlobalSection
	GlobalSection(ProjectConfigurationPlatforms) = postSolution
		{A7632E44-F845-46B2-BB70-9C4BD8FD19F6}.Debug|Any CPU.ActiveCfg = Debug|Any CPU
		{A7632E44-F845-46B2-BB70-9C4BD8FD19F6}.Debug|Any CPU.Build.0 = Debug|Any CPU
		{A7632E44-F845-46B2-BB70-9C4BD8FD19F6}.Release|Any CPU.ActiveCfg = Release|Any CPU
		{A7632E44-F845-46B2-BB70-9C4BD8FD19F6}.Release|Any CPU.Build.0 = Release|Any CPU
	EndGlobalSection
	GlobalSection(SolutionProperties) = preSolution
		HideSolutionNode = FALSE
	EndGlobalSection
	GlobalSection(ExtensibilityGlobals) = postSolution
		SolutionGuid = {F299B08E-5373-4B93-A91C-53B9959BF9DF}
	EndGlobalSection
EndGlobal
